// !$*UTF8*$!
{
	archiveVersion = 1;
	classes = {
	};
	objectVersion = 46;
	objects = {

/* Begin PBXBuildFile section */
		FF576A331C840A5000D44844 /* AppDelegate.swift in Sources */ = {isa = PBXBuildFile; fileRef = FF576A321C840A5000D44844 /* AppDelegate.swift */; };
		FF576A351C840A5000D44844 /* ViewController.swift in Sources */ = {isa = PBXBuildFile; fileRef = FF576A341C840A5000D44844 /* ViewController.swift */; };
		FF576A381C840A5000D44844 /* Main.storyboard in Resources */ = {isa = PBXBuildFile; fileRef = FF576A361C840A5000D44844 /* Main.storyboard */; };
		FF576A3A1C840A5000D44844 /* Assets.xcassets in Resources */ = {isa = PBXBuildFile; fileRef = FF576A391C840A5000D44844 /* Assets.xcassets */; };
		FF576A3D1C840A5000D44844 /* LaunchScreen.storyboard in Resources */ = {isa = PBXBuildFile; fileRef = FF576A3B1C840A5000D44844 /* LaunchScreen.storyboard */; };
/* End PBXBuildFile section */

/* Begin PBXFileReference section */
		FF576A2F1C840A5000D44844 /* Mars.app */ = {isa = PBXFileReference; explicitFileType = wrapper.application; includeInIndex = 0; path = Mars.app; sourceTree = BUILT_PRODUCTS_DIR; };
		FF576A321C840A5000D44844 /* AppDelegate.swift */ = {isa = PBXFileReference; lastKnownFileType = sourcecode.swift; path = AppDelegate.swift; sourceTree = "<group>"; };
		FF576A341C840A5000D44844 /* ViewController.swift */ = {isa = PBXFileReference; lastKnownFileType = sourcecode.swift; path = ViewController.swift; sourceTree = "<group>"; };
		FF576A371C840A5000D44844 /* Base */ = {isa = PBXFileReference; lastKnownFileType = file.storyboard; name = Base; path = Base.lproj/Main.storyboard; sourceTree = "<group>"; };
		FF576A391C840A5000D44844 /* Assets.xcassets */ = {isa = PBXFileReference; lastKnownFileType = folder.assetcatalog; path = Assets.xcassets; sourceTree = "<group>"; };
		FF576A3C1C840A5000D44844 /* Base */ = {isa = PBXFileReference; lastKnownFileType = file.storyboard; name = Base; path = Base.lproj/LaunchScreen.storyboard; sourceTree = "<group>"; };
		FF576A3E1C840A5000D44844 /* Info.plist */ = {isa = PBXFileReference; lastKnownFileType = text.plist.xml; path = Info.plist; sourceTree = "<group>"; };
/* End PBXFileReference section */

/* Begin PBXFrameworksBuildPhase section */
		FF576A2C1C840A5000D44844 /* Frameworks */ = {
			isa = PBXFrameworksBuildPhase;
			buildActionMask = 2147483647;
			files = (
			);
			runOnlyForDeploymentPostprocessing = 0;
		};
/* End PBXFrameworksBuildPhase section */

/* Begin PBXGroup section */
		FF576A261C840A5000D44844 = {
			isa = PBXGroup;
			children = (
				FF576A311C840A5000D44844 /* Mars */,
				FF576A301C840A5000D44844 /* Products */,
			);
			sourceTree = "<group>";
		};
		FF576A301C840A5000D44844 /* Products */ = {
			isa = PBXGroup;
			children = (
				FF576A2F1C840A5000D44844 /* Mars.app */,
			);
			name = Products;
			sourceTree = "<group>";
		};
		FF576A311C840A5000D44844 /* Mars */ = {
			isa = PBXGroup;
			children = (
				FF576A321C840A5000D44844 /* AppDelegate.swift */,
				FF576A341C840A5000D44844 /* ViewController.swift */,
				FF576A361C840A5000D44844 /* Main.storyboard */,
				FF576A391C840A5000D44844 /* Assets.xcassets */,
				FF576A3B1C840A5000D44844 /* LaunchScreen.storyboard */,
				FF576A3E1C840A5000D44844 /* Info.plist */,
			);
			path = Mars;
			sourceTree = "<group>";
		};
/* End PBXGroup section */

/* Begin PBXNativeTarget section */
		FF576A2E1C840A5000D44844 /* Mars */ = {
			isa = PBXNativeTarget;
			buildConfigurationList = FF576A411C840A5000D44844 /* Build configuration list for PBXNativeTarget "Mars" */;
			buildPhases = (
				FF576A2B1C840A5000D44844 /* Sources */,
				FF576A2C1C840A5000D44844 /* Frameworks */,
				FF576A2D1C840A5000D44844 /* Resources */,
			);
			buildRules = (
			);
			dependencies = (
			);
			name = Mars;
			productName = Mars;
			productReference = FF576A2F1C840A5000D44844 /* Mars.app */;
			productType = "com.apple.product-type.application";
		};
/* End PBXNativeTarget section */

/* Begin PBXProject section */
		FF576A271C840A5000D44844 /* Project object */ = {
			isa = PBXProject;
			attributes = {
				LastSwiftUpdateCheck = 0720;
				LastUpgradeCheck = 0720;
				ORGANIZATIONNAME = chenyf;
				TargetAttributes = {
					FF576A2E1C840A5000D44844 = {
						CreatedOnToolsVersion = 7.2.1;
					};
				};
			};
			buildConfigurationList = FF576A2A1C840A5000D44844 /* Build configuration list for PBXProject "Mars" */;
			compatibilityVersion = "Xcode 3.2";
			developmentRegion = English;
			hasScannedForEncodings = 0;
			knownRegions = (
				en,
				Base,
			);
			mainGroup = FF576A261C840A5000D44844;
			productRefGroup = FF576A301C840A5000D44844 /* Products */;
			projectDirPath = "";
			projectRoot = "";
			targets = (
				FF576A2E1C840A5000D44844 /* Mars */,
			);
		};
/* End PBXProject section */

/* Begin PBXResourcesBuildPhase section */
		FF576A2D1C840A5000D44844 /* Resources */ = {
			isa = PBXResourcesBuildPhase;
			buildActionMask = 2147483647;
			files = (
				FF576A3D1C840A5000D44844 /* LaunchScreen.storyboard in Resources */,
				FF576A3A1C840A5000D44844 /* Assets.xcassets in Resources */,
				FF576A381C840A5000D44844 /* Main.storyboard in Resources */,
			);
			runOnlyForDeploymentPostprocessing = 0;
		};
/* End PBXResourcesBuildPhase section */

/* Begin PBXSourcesBuildPhase section */
		FF576A2B1C840A5000D44844 /* Sources */ = {
			isa = PBXSourcesBuildPhase;
			buildActionMask = 2147483647;
			files = (
				FF576A351C840A5000D44844 /* ViewController.swift in Sources */,
				FF576A331C840A5000D44844 /* AppDelegate.swift in Sources */,
			);
			runOnlyForDeploymentPostprocessing = 0;
		};
/* End PBXSourcesBuildPhase section */

/* Begin PBXVariantGroup section */
		FF576A361C840A5000D44844 /* Main.storyboard */ = {
			isa = PBXVariantGroup;
			children = (
				FF576A371C840A5000D44844 /* Base */,
			);
			name = Main.storyboard;
			sourceTree = "<group>";
		};
		FF576A3B1C840A5000D44844 /* LaunchScreen.storyboard */ = {
			isa = PBXVariantGroup;
			children = (
				FF576A3C1C840A5000D44844 /* Base */,
			);
			name = LaunchScreen.storyboard;
			sourceTree = "<group>";
		};
/* End PBXVariantGroup section */

/* Begin XCBuildConfiguration section */
		FF576A3F1C840A5000D44844 /* Debug */ = {
			isa = XCBuildConfiguration;
			buildSettings = {
				ALWAYS_SEARCH_USER_PATHS = NO;
				CLANG_CXX_LANGUAGE_STANDARD = "gnu++0x";
				CLANG_CXX_LIBRARY = "libc++";
				CLANG_ENABLE_MODULES = YES;
				CLANG_ENABLE_OBJC_ARC = YES;
				CLANG_WARN_BOOL_CONVERSION = YES;
				CLANG_WARN_CONSTANT_CONVERSION = YES;
				CLANG_WARN_DIRECT_OBJC_ISA_USAGE = YES_ERROR;
				CLANG_WARN_EMPTY_BODY = YES;
				CLANG_WARN_ENUM_CONVERSION = YES;
				CLANG_WARN_INT_CONVERSION = YES;
				CLANG_WARN_OBJC_ROOT_CLASS = YES_ERROR;
				CLANG_WARN_UNREACHABLE_CODE = YES;
				CLANG_WARN__DUPLICATE_METHOD_MATCH = YES;
				"CODE_SIGN_IDENTITY[sdk=iphoneos*]" = "iPhone Developer";
				COPY_PHASE_STRIP = NO;
				DEBUG_INFORMATION_FORMAT = dwarf;
				ENABLE_STRICT_OBJC_MSGSEND = YES;
				ENABLE_TESTABILITY = YES;
				GCC_C_LANGUAGE_STANDARD = gnu99;
				GCC_DYNAMIC_NO_PIC = NO;
				GCC_NO_COMMON_BLOCKS = YES;
				GCC_OPTIMIZATION_LEVEL = 0;
				GCC_PREPROCESSOR_DEFINITIONS = (
					"DEBUG=1",
					"$(inherited)",
				);
				GCC_WARN_64_TO_32_BIT_CONVERSION = YES;
				GCC_WARN_ABOUT_RETURN_TYPE = YES_ERROR;
				GCC_WARN_UNDECLARED_SELECTOR = YES;
				GCC_WARN_UNINITIALIZED_AUTOS = YES_AGGRESSIVE;
				GCC_WARN_UNUSED_FUNCTION = YES;
				GCC_WARN_UNUSED_VARIABLE = YES;
				IPHONEOS_DEPLOYMENT_TARGET = 9.2;
				MTL_ENABLE_DEBUG_INFO = YES;
				ONLY_ACTIVE_ARCH = YES;
				SDKROOT = iphoneos;
				SWIFT_OPTIMIZATION_LEVEL = "-Onone";
			};
			name = Debug;
		};
		FF576A401C840A5000D44844 /* Release */ = {
			isa = XCBuildConfiguration;
			buildSettings = {
				ALWAYS_SEARCH_USER_PATHS = NO;
				CLANG_CXX_LANGUAGE_STANDARD = "gnu++0x";
				CLANG_CXX_LIBRARY = "libc++";
				CLANG_ENABLE_MODULES = YES;
				CLANG_ENABLE_OBJC_ARC = YES;
				CLANG_WARN_BOOL_CONVERSION = YES;
				CLANG_WARN_CONSTANT_CONVERSION = YES;
				CLANG_WARN_DIRECT_OBJC_ISA_USAGE = YES_ERROR;
				CLANG_WARN_EMPTY_BODY = YES;
				CLANG_WARN_ENUM_CONVERSION = YES;
				CLANG_WARN_INT_CONVERSION = YES;
				CLANG_WARN_OBJC_ROOT_CLASS = YES_ERROR;
				CLANG_WARN_UNREACHABLE_CODE = YES;
				CLANG_WARN__DUPLICATE_METHOD_MATCH = YES;
				"CODE_SIGN_IDENTITY[sdk=iphoneos*]" = "iPhone Developer";
				COPY_PHASE_STRIP = NO;
				DEBUG_INFORMATION_FORMAT = "dwarf-with-dsym";
				ENABLE_NS_ASSERTIONS = NO;
				ENABLE_STRICT_OBJC_MSGSEND = YES;
				GCC_C_LANGUAGE_STANDARD = gnu99;
				GCC_NO_COMMON_BLOCKS = YES;
				GCC_WARN_64_TO_32_BIT_CONVERSION = YES;
				GCC_WARN_ABOUT_RETURN_TYPE = YES_ERROR;
				GCC_WARN_UNDECLARED_SELECTOR = YES;
				GCC_WARN_UNINITIALIZED_AUTOS = YES_AGGRESSIVE;
				GCC_WARN_UNUSED_FUNCTION = YES;
				GCC_WARN_UNUSED_VARIABLE = YES;
				IPHONEOS_DEPLOYMENT_TARGET = 9.2;
				MTL_ENABLE_DEBUG_INFO = NO;
				SDKROOT = iphoneos;
				VALIDATE_PRODUCT = YES;
			};
			name = Release;
		};
		FF576A421C840A5000D44844 /* Debug */ = {
			isa = XCBuildConfiguration;
			buildSettings = {
				ASSETCATALOG_COMPILER_APPICON_NAME = AppIcon;
				INFOPLIST_FILE = Mars/Info.plist;
				LD_RUNPATH_SEARCH_PATHS = "$(inherited) @executable_path/Frameworks";
				PRODUCT_BUNDLE_IDENTIFIER = apple.Mars;
				PRODUCT_NAME = "$(TARGET_NAME)";
			};
			name = Debug;
		};
		FF576A431C840A5000D44844 /* Release */ = {
			isa = XCBuildConfiguration;
			buildSettings = {
				ASSETCATALOG_COMPILER_APPICON_NAME = AppIcon;
				INFOPLIST_FILE = Mars/Info.plist;
				LD_RUNPATH_SEARCH_PATHS = "$(inherited) @executable_path/Frameworks";
				PRODUCT_BUNDLE_IDENTIFIER = apple.Mars;
				PRODUCT_NAME = "$(TARGET_NAME)";
			};
			name = Release;
		};
/* End XCBuildConfiguration section */

/* Begin XCConfigurationList section */
		FF576A2A1C840A5000D44844 /* Build configuration list for PBXProject "Mars" */ = {
			isa = XCConfigurationList;
			buildConfigurations = (
				FF576A3F1C840A5000D44844 /* Debug */,
				FF576A401C840A5000D44844 /* Release */,
			);
			defaultConfigurationIsVisible = 0;
			defaultConfigurationName = Release;
		};
		FF576A411C840A5000D44844 /* Build configuration list for PBXNativeTarget "Mars" */ = {
			isa = XCConfigurationList;
			buildConfigurations = (
				FF576A421C840A5000D44844 /* Debug */,
				FF576A431C840A5000D44844 /* Release */,
			);
			defaultConfigurationIsVisible = 0;
		};
/* End XCConfigurationList section */
	};
	rootObject = FF576A271C840A5000D44844 /* Project object */;
}
