// !$*UTF8*$!
{
	archiveVersion = 1;
	classes = {
	};
	objectVersion = 46;
	objects = {

/* Begin PBXBuildFile section */
		FFBE27361C848FF600BA7E8C /* AppDelegate.swift in Sources */ = {isa = PBXBuildFile; fileRef = FFBE27351C848FF600BA7E8C /* AppDelegate.swift */; };
		FFBE27381C848FF600BA7E8C /* ViewController.swift in Sources */ = {isa = PBXBuildFile; fileRef = FFBE27371C848FF600BA7E8C /* ViewController.swift */; };
		FFBE273B1C848FF600BA7E8C /* Main.storyboard in Resources */ = {isa = PBXBuildFile; fileRef = FFBE27391C848FF600BA7E8C /* Main.storyboard */; };
		FFBE273D1C848FF600BA7E8C /* Assets.xcassets in Resources */ = {isa = PBXBuildFile; fileRef = FFBE273C1C848FF600BA7E8C /* Assets.xcassets */; };
		FFBE27401C848FF600BA7E8C /* LaunchScreen.storyboard in Resources */ = {isa = PBXBuildFile; fileRef = FFBE273E1C848FF600BA7E8C /* LaunchScreen.storyboard */; };
/* End PBXBuildFile section */

/* Begin PBXFileReference section */
		FFBE27321C848FF600BA7E8C /* UIImageDrawing.app */ = {isa = PBXFileReference; explicitFileType = wrapper.application; includeInIndex = 0; path = UIImageDrawing.app; sourceTree = BUILT_PRODUCTS_DIR; };
		FFBE27351C848FF600BA7E8C /* AppDelegate.swift */ = {isa = PBXFileReference; lastKnownFileType = sourcecode.swift; path = AppDelegate.swift; sourceTree = "<group>"; };
		FFBE27371C848FF600BA7E8C /* ViewController.swift */ = {isa = PBXFileReference; lastKnownFileType = sourcecode.swift; path = ViewController.swift; sourceTree = "<group>"; };
		FFBE273A1C848FF600BA7E8C /* Base */ = {isa = PBXFileReference; lastKnownFileType = file.storyboard; name = Base; path = Base.lproj/Main.storyboard; sourceTree = "<group>"; };
		FFBE273C1C848FF600BA7E8C /* Assets.xcassets */ = {isa = PBXFileReference; lastKnownFileType = folder.assetcatalog; path = Assets.xcassets; sourceTree = "<group>"; };
		FFBE273F1C848FF600BA7E8C /* Base */ = {isa = PBXFileReference; lastKnownFileType = file.storyboard; name = Base; path = Base.lproj/LaunchScreen.storyboard; sourceTree = "<group>"; };
		FFBE27411C848FF600BA7E8C /* Info.plist */ = {isa = PBXFileReference; lastKnownFileType = text.plist.xml; path = Info.plist; sourceTree = "<group>"; };
/* End PBXFileReference section */

/* Begin PBXFrameworksBuildPhase section */
		FFBE272F1C848FF600BA7E8C /* Frameworks */ = {
			isa = PBXFrameworksBuildPhase;
			buildActionMask = 2147483647;
			files = (
			);
			runOnlyForDeploymentPostprocessing = 0;
		};
/* End PBXFrameworksBuildPhase section */

/* Begin PBXGroup section */
		FFBE27291C848FF600BA7E8C = {
			isa = PBXGroup;
			children = (
				FFBE27341C848FF600BA7E8C /* UIImageDrawing */,
				FFBE27331C848FF600BA7E8C /* Products */,
			);
			sourceTree = "<group>";
		};
		FFBE27331C848FF600BA7E8C /* Products */ = {
			isa = PBXGroup;
			children = (
				FFBE27321C848FF600BA7E8C /* UIImageDrawing.app */,
			);
			name = Products;
			sourceTree = "<group>";
		};
		FFBE27341C848FF600BA7E8C /* UIImageDrawing */ = {
			isa = PBXGroup;
			children = (
				FFBE27351C848FF600BA7E8C /* AppDelegate.swift */,
				FFBE27371C848FF600BA7E8C /* ViewController.swift */,
				FFBE27391C848FF600BA7E8C /* Main.storyboard */,
				FFBE273C1C848FF600BA7E8C /* Assets.xcassets */,
				FFBE273E1C848FF600BA7E8C /* LaunchScreen.storyboard */,
				FFBE27411C848FF600BA7E8C /* Info.plist */,
			);
			path = UIImageDrawing;
			sourceTree = "<group>";
		};
/* End PBXGroup section */

/* Begin PBXNativeTarget section */
		FFBE27311C848FF600BA7E8C /* UIImageDrawing */ = {
			isa = PBXNativeTarget;
			buildConfigurationList = FFBE27441C848FF600BA7E8C /* Build configuration list for PBXNativeTarget "UIImageDrawing" */;
			buildPhases = (
				FFBE272E1C848FF600BA7E8C /* Sources */,
				FFBE272F1C848FF600BA7E8C /* Frameworks */,
				FFBE27301C848FF600BA7E8C /* Resources */,
			);
			buildRules = (
			);
			dependencies = (
			);
			name = UIImageDrawing;
			productName = UIImageDrawing;
			productReference = FFBE27321C848FF600BA7E8C /* UIImageDrawing.app */;
			productType = "com.apple.product-type.application";
		};
/* End PBXNativeTarget section */

/* Begin PBXProject section */
		FFBE272A1C848FF600BA7E8C /* Project object */ = {
			isa = PBXProject;
			attributes = {
				LastSwiftUpdateCheck = 0720;
				LastUpgradeCheck = 0720;
				ORGANIZATIONNAME = chenyf;
				TargetAttributes = {
					FFBE27311C848FF600BA7E8C = {
						CreatedOnToolsVersion = 7.2.1;
					};
				};
			};
			buildConfigurationList = FFBE272D1C848FF600BA7E8C /* Build configuration list for PBXProject "UIImageDrawing" */;
			compatibilityVersion = "Xcode 3.2";
			developmentRegion = English;
			hasScannedForEncodings = 0;
			knownRegions = (
				en,
				Base,
			);
			mainGroup = FFBE27291C848FF600BA7E8C;
			productRefGroup = FFBE27331C848FF600BA7E8C /* Products */;
			projectDirPath = "";
			projectRoot = "";
			targets = (
				FFBE27311C848FF600BA7E8C /* UIImageDrawing */,
			);
		};
/* End PBXProject section */

/* Begin PBXResourcesBuildPhase section */
		FFBE27301C848FF600BA7E8C /* Resources */ = {
			isa = PBXResourcesBuildPhase;
			buildActionMask = 2147483647;
			files = (
				FFBE27401C848FF600BA7E8C /* LaunchScreen.storyboard in Resources */,
				FFBE273D1C848FF600BA7E8C /* Assets.xcassets in Resources */,
				FFBE273B1C848FF600BA7E8C /* Main.storyboard in Resources */,
			);
			runOnlyForDeploymentPostprocessing = 0;
		};
/* End PBXResourcesBuildPhase section */

/* Begin PBXSourcesBuildPhase section */
		FFBE272E1C848FF600BA7E8C /* Sources */ = {
			isa = PBXSourcesBuildPhase;
			buildActionMask = 2147483647;
			files = (
				FFBE27381C848FF600BA7E8C /* ViewController.swift in Sources */,
				FFBE27361C848FF600BA7E8C /* AppDelegate.swift in Sources */,
			);
			runOnlyForDeploymentPostprocessing = 0;
		};
/* End PBXSourcesBuildPhase section */

/* Begin PBXVariantGroup section */
		FFBE27391C848FF600BA7E8C /* Main.storyboard */ = {
			isa = PBXVariantGroup;
			children = (
				FFBE273A1C848FF600BA7E8C /* Base */,
			);
			name = Main.storyboard;
			sourceTree = "<group>";
		};
		FFBE273E1C848FF600BA7E8C /* LaunchScreen.storyboard */ = {
			isa = PBXVariantGroup;
			children = (
				FFBE273F1C848FF600BA7E8C /* Base */,
			);
			name = LaunchScreen.storyboard;
			sourceTree = "<group>";
		};
/* End PBXVariantGroup section */

/* Begin XCBuildConfiguration section */
		FFBE27421C848FF600BA7E8C /* Debug */ = {
			isa = XCBuildConfiguration;
			buildSettings = {
				ALWAYS_SEARCH_USER_PATHS = NO;
				CLANG_CXX_LANGUAGE_STANDARD = "gnu++0x";
				CLANG_CXX_LIBRARY = "libc++";
				CLANG_ENABLE_MODULES = YES;
				CLANG_ENABLE_OBJC_ARC = YES;
				CLANG_WARN_BOOL_CONVERSION = YES;
				CLANG_WARN_CONSTANT_CONVERSION = YES;
				CLANG_WARN_DIRECT_OBJC_ISA_USAGE = YES_ERROR;
				CLANG_WARN_EMPTY_BODY = YES;
				CLANG_WARN_ENUM_CONVERSION = YES;
				CLANG_WARN_INT_CONVERSION = YES;
				CLANG_WARN_OBJC_ROOT_CLASS = YES_ERROR;
				CLANG_WARN_UNREACHABLE_CODE = YES;
				CLANG_WARN__DUPLICATE_METHOD_MATCH = YES;
				"CODE_SIGN_IDENTITY[sdk=iphoneos*]" = "iPhone Developer";
				COPY_PHASE_STRIP = NO;
				DEBUG_INFORMATION_FORMAT = dwarf;
				ENABLE_STRICT_OBJC_MSGSEND = YES;
				ENABLE_TESTABILITY = YES;
				GCC_C_LANGUAGE_STANDARD = gnu99;
				GCC_DYNAMIC_NO_PIC = NO;
				GCC_NO_COMMON_BLOCKS = YES;
				GCC_OPTIMIZATION_LEVEL = 0;
				GCC_PREPROCESSOR_DEFINITIONS = (
					"DEBUG=1",
					"$(inherited)",
				);
				GCC_WARN_64_TO_32_BIT_CONVERSION = YES;
				GCC_WARN_ABOUT_RETURN_TYPE = YES_ERROR;
				GCC_WARN_UNDECLARED_SELECTOR = YES;
				GCC_WARN_UNINITIALIZED_AUTOS = YES_AGGRESSIVE;
				GCC_WARN_UNUSED_FUNCTION = YES;
				GCC_WARN_UNUSED_VARIABLE = YES;
				IPHONEOS_DEPLOYMENT_TARGET = 9.2;
				MTL_ENABLE_DEBUG_INFO = YES;
				ONLY_ACTIVE_ARCH = YES;
				SDKROOT = iphoneos;
				SWIFT_OPTIMIZATION_LEVEL = "-Onone";
			};
			name = Debug;
		};
		FFBE27431C848FF600BA7E8C /* Release */ = {
			isa = XCBuildConfiguration;
			buildSettings = {
				ALWAYS_SEARCH_USER_PATHS = NO;
				CLANG_CXX_LANGUAGE_STANDARD = "gnu++0x";
				CLANG_CXX_LIBRARY = "libc++";
				CLANG_ENABLE_MODULES = YES;
				CLANG_ENABLE_OBJC_ARC = YES;
				CLANG_WARN_BOOL_CONVERSION = YES;
				CLANG_WARN_CONSTANT_CONVERSION = YES;
				CLANG_WARN_DIRECT_OBJC_ISA_USAGE = YES_ERROR;
				CLANG_WARN_EMPTY_BODY = YES;
				CLANG_WARN_ENUM_CONVERSION = YES;
				CLANG_WARN_INT_CONVERSION = YES;
				CLANG_WARN_OBJC_ROOT_CLASS = YES_ERROR;
				CLANG_WARN_UNREACHABLE_CODE = YES;
				CLANG_WARN__DUPLICATE_METHOD_MATCH = YES;
				"CODE_SIGN_IDENTITY[sdk=iphoneos*]" = "iPhone Developer";
				COPY_PHASE_STRIP = NO;
				DEBUG_INFORMATION_FORMAT = "dwarf-with-dsym";
				ENABLE_NS_ASSERTIONS = NO;
				ENABLE_STRICT_OBJC_MSGSEND = YES;
				GCC_C_LANGUAGE_STANDARD = gnu99;
				GCC_NO_COMMON_BLOCKS = YES;
				GCC_WARN_64_TO_32_BIT_CONVERSION = YES;
				GCC_WARN_ABOUT_RETURN_TYPE = YES_ERROR;
				GCC_WARN_UNDECLARED_SELECTOR = YES;
				GCC_WARN_UNINITIALIZED_AUTOS = YES_AGGRESSIVE;
				GCC_WARN_UNUSED_FUNCTION = YES;
				GCC_WARN_UNUSED_VARIABLE = YES;
				IPHONEOS_DEPLOYMENT_TARGET = 9.2;
				MTL_ENABLE_DEBUG_INFO = NO;
				SDKROOT = iphoneos;
				VALIDATE_PRODUCT = YES;
			};
			name = Release;
		};
		FFBE27451C848FF600BA7E8C /* Debug */ = {
			isa = XCBuildConfiguration;
			buildSettings = {
				ASSETCATALOG_COMPILER_APPICON_NAME = AppIcon;
				INFOPLIST_FILE = UIImageDrawing/Info.plist;
				LD_RUNPATH_SEARCH_PATHS = "$(inherited) @executable_path/Frameworks";
				PRODUCT_BUNDLE_IDENTIFIER = apple.UIImageDrawing;
				PRODUCT_NAME = "$(TARGET_NAME)";
			};
			name = Debug;
		};
		FFBE27461C848FF600BA7E8C /* Release */ = {
			isa = XCBuildConfiguration;
			buildSettings = {
				ASSETCATALOG_COMPILER_APPICON_NAME = AppIcon;
				INFOPLIST_FILE = UIImageDrawing/Info.plist;
				LD_RUNPATH_SEARCH_PATHS = "$(inherited) @executable_path/Frameworks";
				PRODUCT_BUNDLE_IDENTIFIER = apple.UIImageDrawing;
				PRODUCT_NAME = "$(TARGET_NAME)";
			};
			name = Release;
		};
/* End XCBuildConfiguration section */

/* Begin XCConfigurationList section */
		FFBE272D1C848FF600BA7E8C /* Build configuration list for PBXProject "UIImageDrawing" */ = {
			isa = XCConfigurationList;
			buildConfigurations = (
				FFBE27421C848FF600BA7E8C /* Debug */,
				FFBE27431C848FF600BA7E8C /* Release */,
			);
			defaultConfigurationIsVisible = 0;
			defaultConfigurationName = Release;
		};
		FFBE27441C848FF600BA7E8C /* Build configuration list for PBXNativeTarget "UIImageDrawing" */ = {
			isa = XCConfigurationList;
			buildConfigurations = (
				FFBE27451C848FF600BA7E8C /* Debug */,
				FFBE27461C848FF600BA7E8C /* Release */,
			);
			defaultConfigurationIsVisible = 0;
		};
/* End XCConfigurationList section */
	};
	rootObject = FFBE272A1C848FF600BA7E8C /* Project object */;
}
